
Microsoft Visual Studio Solution File, Format Version 12.00
# Visual Studio 2013
VisualStudioVersion = 12.0.40629.0
MinimumVisualStudioVersion = 10.0.40219.1
Project("{FAE04EC0-301F-11D3-BF4B-00C04F79EFBC}") = "OpenConnectSDK", "OpenConnectSDK\OpenConnectSDK.csproj", "{773986B4-529E-4DE9-8EA5-6EA319FF9211}"
EndProject
Project("{2150E333-8FDC-42A3-9474-1A3956D46DE8}") = "GitHubFiles", "GitHubFiles", "{2EB91AC4-0560-43F8-B3C4-A548D0B85CE6}"
	ProjectSection(SolutionItems) = preProject
		..\LICENSE.md = ..\LICENSE.md
		..\README.md = ..\README.md
	EndProjectSection
EndProject
Project("{2150E333-8FDC-42A3-9474-1A3956D46DE8}") = "Nuget", "Nuget", "{F5CE828E-E251-4711-A0EA-4153E9E250E7}"
	ProjectSection(SolutionItems) = preProject
		nuget\OpenConnectSDK.nupkg = nuget\OpenConnectSDK.nupkg
		nuget\OpenConnectSDK.nuspec = nuget\OpenConnectSDK.nuspec
	EndProjectSection
EndProject
Global
	GlobalSection(SolutionConfigurationPlatforms) = preSolution
		Debug|Any CPU = Debug|Any CPU
		Release|Any CPU = Release|Any CPU
	EndGlobalSection
	GlobalSection(ProjectConfigurationPlatforms) = postSolution
		{773986B4-529E-4DE9-8EA5-6EA319FF9211}.Debug|Any CPU.ActiveCfg = Debug|Any CPU
		{773986B4-529E-4DE9-8EA5-6EA319FF9211}.Debug|Any CPU.Build.0 = Debug|Any CPU
		{773986B4-529E-4DE9-8EA5-6EA319FF9211}.Release|Any CPU.ActiveCfg = Release|Any CPU
		{773986B4-529E-4DE9-8EA5-6EA319FF9211}.Release|Any CPU.Build.0 = Release|Any CPU
	EndGlobalSection
	GlobalSection(SolutionProperties) = preSolution
		HideSolutionNode = FALSE
	EndGlobalSection
EndGlobal
